
Microsoft Visual Studio Solution File, Format Version 12.00
# Visual Studio Version 17
VisualStudioVersion = 17.0.31903.59
MinimumVisualStudioVersion = 10.0.40219.1
Project("{8BC9CEB8-8B4A-11D0-8D11-00A0C91BC942}") = "X-Robot", "Template\Template.vcxproj", "{ABEB5558-C92F-473E-8BDF-90F58BD3811C}"
EndProject
Project("{8BC9CEB8-8B4A-11D0-8D11-00A0C91BC942}") = "Manager", "Management\Management.vcxproj", "{63C0A129-79BC-4BA5-925B-EAC5CF8DAABB}"
EndProject
Project("{8BC9CEB8-8B4A-11D0-8D11-00A0C91BC942}") = "DeathMessages", "DeathMessages\DeathMessages.vcxproj", "{18AC5385-2A3E-3A7E-B00A-8218DDB58543}"
EndProject
Global
	GlobalSection(SolutionConfigurationPlatforms) = preSolution
		Debug|x64 = Debug|x64
		Debug|x86 = Debug|x86
		MinSizeRel|x64 = MinSizeRel|x64
		MinSizeRel|x86 = MinSizeRel|x86
		Release|x64 = Release|x64
		Release|x86 = Release|x86
		RelWithDebInfo|x64 = RelWithDebInfo|x64
		RelWithDebInfo|x86 = RelWithDebInfo|x86
	EndGlobalSection
	GlobalSection(ProjectConfigurationPlatforms) = postSolution
		{ABEB5558-C92F-473E-8BDF-90F58BD3811C}.Debug|x64.ActiveCfg = Release|x64
		{ABEB5558-C92F-473E-8BDF-90F58BD3811C}.Debug|x64.Build.0 = Release|x64
		{ABEB5558-C92F-473E-8BDF-90F58BD3811C}.Debug|x86.ActiveCfg = Release|x64
		{ABEB5558-C92F-473E-8BDF-90F58BD3811C}.Debug|x86.Build.0 = Release|x64
		{ABEB5558-C92F-473E-8BDF-90F58BD3811C}.MinSizeRel|x64.ActiveCfg = Release|x64
		{ABEB5558-C92F-473E-8BDF-90F58BD3811C}.MinSizeRel|x64.Build.0 = Release|x64
		{ABEB5558-C92F-473E-8BDF-90F58BD3811C}.MinSizeRel|x86.ActiveCfg = Release|x64
		{ABEB5558-C92F-473E-8BDF-90F58BD3811C}.MinSizeRel|x86.Build.0 = Release|x64
		{ABEB5558-C92F-473E-8BDF-90F58BD3811C}.Release|x64.ActiveCfg = Release|x64
		{ABEB5558-C92F-473E-8BDF-90F58BD3811C}.Release|x64.Build.0 = Release|x64
		{ABEB5558-C92F-473E-8BDF-90F58BD3811C}.Release|x86.ActiveCfg = Release|x64
		{ABEB5558-C92F-473E-8BDF-90F58BD3811C}.Release|x86.Build.0 = Release|x64
		{ABEB5558-C92F-473E-8BDF-90F58BD3811C}.RelWithDebInfo|x64.ActiveCfg = Release|x64
		{ABEB5558-C92F-473E-8BDF-90F58BD3811C}.RelWithDebInfo|x64.Build.0 = Release|x64
		{ABEB5558-C92F-473E-8BDF-90F58BD3811C}.RelWithDebInfo|x86.ActiveCfg = Release|x64
		{ABEB5558-C92F-473E-8BDF-90F58BD3811C}.RelWithDebInfo|x86.Build.0 = Release|x64
		{63C0A129-79BC-4BA5-925B-EAC5CF8DAABB}.Debug|x64.ActiveCfg = Debug|x64
		{63C0A129-79BC-4BA5-925B-EAC5CF8DAABB}.Debug|x64.Build.0 = Debug|x64
		{63C0A129-79BC-4BA5-925B-EAC5CF8DAABB}.Debug|x86.ActiveCfg = Debug|Win32
		{63C0A129-79BC-4BA5-925B-EAC5CF8DAABB}.Debug|x86.Build.0 = Debug|Win32
		{63C0A129-79BC-4BA5-925B-EAC5CF8DAABB}.MinSizeRel|x64.ActiveCfg = Release|x64
		{63C0A129-79BC-4BA5-925B-EAC5CF8DAABB}.MinSizeRel|x64.Build.0 = Release|x64
		{63C0A129-79BC-4BA5-925B-EAC5CF8DAABB}.MinSizeRel|x86.ActiveCfg = Release|Win32
		{63C0A129-79BC-4BA5-925B-EAC5CF8DAABB}.MinSizeRel|x86.Build.0 = Release|Win32
		{63C0A129-79BC-4BA5-925B-EAC5CF8DAABB}.Release|x64.ActiveCfg = Release|x64
		{63C0A129-79BC-4BA5-925B-EAC5CF8DAABB}.Release|x64.Build.0 = Release|x64
		{63C0A129-79BC-4BA5-925B-EAC5CF8DAABB}.Release|x86.ActiveCfg = Release|Win32
		{63C0A129-79BC-4BA5-925B-EAC5CF8DAABB}.Release|x86.Build.0 = Release|Win32
		{63C0A129-79BC-4BA5-925B-EAC5CF8DAABB}.RelWithDebInfo|x64.ActiveCfg = Release|x64
		{63C0A129-79BC-4BA5-925B-EAC5CF8DAABB}.RelWithDebInfo|x64.Build.0 = Release|x64
		{63C0A129-79BC-4BA5-925B-EAC5CF8DAABB}.RelWithDebInfo|x86.ActiveCfg = Release|Win32
		{63C0A129-79BC-4BA5-925B-EAC5CF8DAABB}.RelWithDebInfo|x86.Build.0 = Release|Win32
		{18AC5385-2A3E-3A7E-B00A-8218DDB58543}.Debug|x64.ActiveCfg = Debug|x64
		{18AC5385-2A3E-3A7E-B00A-8218DDB58543}.Debug|x64.Build.0 = Debug|x64
		{18AC5385-2A3E-3A7E-B00A-8218DDB58543}.Debug|x86.ActiveCfg = Debug|x64
		{18AC5385-2A3E-3A7E-B00A-8218DDB58543}.Debug|x86.Build.0 = Debug|x64
		{18AC5385-2A3E-3A7E-B00A-8218DDB58543}.MinSizeRel|x64.ActiveCfg = MinSizeRel|x64
		{18AC5385-2A3E-3A7E-B00A-8218DDB58543}.MinSizeRel|x64.Build.0 = MinSizeRel|x64
		{18AC5385-2A3E-3A7E-B00A-8218DDB58543}.MinSizeRel|x86.ActiveCfg = MinSizeRel|x64
		{18AC5385-2A3E-3A7E-B00A-8218DDB58543}.MinSizeRel|x86.Build.0 = MinSizeRel|x64
		{18AC5385-2A3E-3A7E-B00A-8218DDB58543}.Release|x64.ActiveCfg = Release|x64
		{18AC5385-2A3E-3A7E-B00A-8218DDB58543}.Release|x64.Build.0 = Release|x64
		{18AC5385-2A3E-3A7E-B00A-8218DDB58543}.Release|x86.ActiveCfg = Release|x64
		{18AC5385-2A3E-3A7E-B00A-8218DDB58543}.Release|x86.Build.0 = Release|x64
		{18AC5385-2A3E-3A7E-B00A-8218DDB58543}.RelWithDebInfo|x64.ActiveCfg = RelWithDebInfo|x64
		{18AC5385-2A3E-3A7E-B00A-8218DDB58543}.RelWithDebInfo|x64.Build.0 = RelWithDebInfo|x64
		{18AC5385-2A3E-3A7E-B00A-8218DDB58543}.RelWithDebInfo|x86.ActiveCfg = RelWithDebInfo|x64
		{18AC5385-2A3E-3A7E-B00A-8218DDB58543}.RelWithDebInfo|x86.Build.0 = RelWithDebInfo|x64
	EndGlobalSection
	GlobalSection(SolutionProperties) = preSolution
		HideSolutionNode = FALSE
	EndGlobalSection
	GlobalSection(ExtensibilityGlobals) = postSolution
		SolutionGuid = {9F46E45F-CD85-4250-93FD-0DD973FB8ECF}
	EndGlobalSection
EndGlobal
